PODS:
  - SSZipArchive (2.2.2)
  - XlsxReaderWriter (2.4.0):
    - SSZipArchive (~> 2.1)

DEPENDENCIES:
  - XlsxReaderWriter (from `https://raw.githubusercontent.com/charlymr/XlsxReaderWriter/2.4.0/XlsxReaderWriter.podspec`)

SPEC REPOS:
  trunk:
    - SSZipArchive

EXTERNAL SOURCES:
  XlsxReaderWriter:
    :podspec: https://raw.githubusercontent.com/charlymr/XlsxReaderWriter/2.4.0/XlsxReaderWriter.podspec

SPEC CHECKSUMS:
  SSZipArchive: fa16b8cc4cdeceb698e5e5d9f67e9558532fbf23
  XlsxReaderWriter: 67980515d06ed81428f4ac4c7d5bbf0f6a08428d

PODFILE CHECKSUM: 5badabf600885a33262781f3e1c375f753fb5866

COCOAPODS: 1.8.4
