PODS:
  - SSZipArchive (2.1.4)
  - XlsxReaderWriter (2.4.0):
    - SSZipArchive (~> 2.1)

DEPENDENCIES:
  - XlsxReaderWriter (from `https://raw.githubusercontent.com/charlymr/XlsxReaderWriter/2.4.0/XlsxReaderWriter.podspec`)

SPEC REPOS:
  https://github.com/CocoaPods/Specs.git:
    - SSZipArchive

EXTERNAL SOURCES:
  XlsxReaderWriter:
    :podspec: https://raw.githubusercontent.com/charlymr/XlsxReaderWriter/2.4.0/XlsxReaderWriter.podspec

SPEC CHECKSUMS:
  SSZipArchive: 41455d4b8d2b6ab93990820b50dc697c2554a322
  XlsxReaderWriter: ad2a231cac74e0fed16f26125976beec75c4b9d3

PODFILE CHECKSUM: 033e0b3944e5818d0e7b72fd516ddca5f02ef518

COCOAPODS: 1.8.4
