PODS:
  - SSZipArchive (2.1.4)
  - XlsxReaderWriter (2.4.0-beta.4):
    - SSZipArchive (~> 2.1)

DEPENDENCIES:
  - XlsxReaderWriter (from `https://raw.githubusercontent.com/charlymr/XlsxReaderWriter/2.4.0.Beta.4/XlsxReaderWriter.podspec`)

SPEC REPOS:
  https://github.com/cocoapods/specs.git:
    - SSZipArchive

EXTERNAL SOURCES:
  XlsxReaderWriter:
    :podspec: https://raw.githubusercontent.com/charlymr/XlsxReaderWriter/2.4.0.Beta.4/XlsxReaderWriter.podspec

SPEC CHECKSUMS:
  SSZipArchive: 41455d4b8d2b6ab93990820b50dc697c2554a322
  XlsxReaderWriter: ad2a231cac74e0fed16f26125976beec75c4b9d3

PODFILE CHECKSUM: 4a3f61223c3aa7979839cf203d576f4a89d9b998

COCOAPODS: 1.5.3
